
Microsoft Visual Studio Solution File, Format Version 12.00
# Visual Studio Version 16
VisualStudioVersion = 16.0.34931.43
MinimumVisualStudioVersion = 10.0.40219.1
Project("{FAE04EC0-301F-11D3-BF4B-00C04F79EFBC}") = "CustomerPortel", "CustomerPortel\CustomerPortel.csproj", "{1946B82C-966F-4784-8F8A-040C635EC7D2}"
EndProject
Global
	GlobalSection(SolutionConfigurationPlatforms) = preSolution
		Debug|Any CPU = Debug|Any CPU
		Release|Any CPU = Release|Any CPU
	EndGlobalSection
	GlobalSection(ProjectConfigurationPlatforms) = postSolution
		{1946B82C-966F-4784-8F8A-040C635EC7D2}.Debug|Any CPU.ActiveCfg = Debug|Any CPU
		{1946B82C-966F-4784-8F8A-040C635EC7D2}.Debug|Any CPU.Build.0 = Debug|Any CPU
		{1946B82C-966F-4784-8F8A-040C635EC7D2}.Release|Any CPU.ActiveCfg = Release|Any CPU
		{1946B82C-966F-4784-8F8A-040C635EC7D2}.Release|Any CPU.Build.0 = Release|Any CPU
	EndGlobalSection
	GlobalSection(SolutionProperties) = preSolution
		HideSolutionNode = FALSE
	EndGlobalSection
	GlobalSection(ExtensibilityGlobals) = postSolution
		SolutionGuid = {F72C3341-840F-44D5-82BA-66BFBEC72383}
	EndGlobalSection
EndGlobal
